// !$*UTF8*$!
{
	archiveVersion = 1;
	classes = {
	};
	objectVersion = 46;
	objects = {

/* Begin PBXBuildFile section */
		1CB5C5B81CA8822D00675E0C /* AppDelegate.swift in Sources */ = {isa = PBXBuildFile; fileRef = 1CB5C5B71CA8822D00675E0C /* AppDelegate.swift */; };
		1CB5C5BA1CA8822D00675E0C /* ViewController.swift in Sources */ = {isa = PBXBuildFile; fileRef = 1CB5C5B91CA8822D00675E0C /* ViewController.swift */; };
		1CB5C5BD1CA8822D00675E0C /* Main.storyboard in Resources */ = {isa = PBXBuildFile; fileRef = 1CB5C5BB1CA8822D00675E0C /* Main.storyboard */; };
		1CB5C5BF1CA8822D00675E0C /* Assets.xcassets in Resources */ = {isa = PBXBuildFile; fileRef = 1CB5C5BE1CA8822D00675E0C /* Assets.xcassets */; };
		1CB5C5C21CA8822D00675E0C /* LaunchScreen.storyboard in Resources */ = {isa = PBXBuildFile; fileRef = 1CB5C5C01CA8822D00675E0C /* LaunchScreen.storyboard */; };
		1CB5C5D21CA8B13700675E0C /* (30)WD3.caf in Resources */ = {isa = PBXBuildFile; fileRef = 1CB5C5D11CA8B13700675E0C /* (30)WD3.caf */; };
		1CB5C5DA1CA8B1DF00675E0C /* (31)BD3#.caf in Resources */ = {isa = PBXBuildFile; fileRef = 1CB5C5D31CA8B1DF00675E0C /* (31)BD3#.caf */; };
		1CB5C5DB1CA8B1DF00675E0C /* (32)WE3.caf in Resources */ = {isa = PBXBuildFile; fileRef = 1CB5C5D41CA8B1DF00675E0C /* (32)WE3.caf */; };
		1CB5C5DC1CA8B1DF00675E0C /* (33)WF3.caf in Resources */ = {isa = PBXBuildFile; fileRef = 1CB5C5D51CA8B1DF00675E0C /* (33)WF3.caf */; };
		1CB5C5DD1CA8B1DF00675E0C /* (34)BF3#.caf in Resources */ = {isa = PBXBuildFile; fileRef = 1CB5C5D61CA8B1DF00675E0C /* (34)BF3#.caf */; };
		1CB5C5DE1CA8B1DF00675E0C /* (35)WG3.caf in Resources */ = {isa = PBXBuildFile; fileRef = 1CB5C5D71CA8B1DF00675E0C /* (35)WG3.caf */; };
		1CB5C5DF1CA8B1DF00675E0C /* (36)BG3#.caf in Resources */ = {isa = PBXBuildFile; fileRef = 1CB5C5D81CA8B1DF00675E0C /* (36)BG3#.caf */; };
		1CB5C5E01CA8B1DF00675E0C /* (37)WA3.caf in Resources */ = {isa = PBXBuildFile; fileRef = 1CB5C5D91CA8B1DF00675E0C /* (37)WA3.caf */; };
/* End PBXBuildFile section */

/* Begin PBXFileReference section */
		1CB5C5B41CA8822D00675E0C /* Taps.app */ = {isa = PBXFileReference; explicitFileType = wrapper.application; includeInIndex = 0; path = Taps.app; sourceTree = BUILT_PRODUCTS_DIR; };
		1CB5C5B71CA8822D00675E0C /* AppDelegate.swift */ = {isa = PBXFileReference; lastKnownFileType = sourcecode.swift; path = AppDelegate.swift; sourceTree = "<group>"; };
		1CB5C5B91CA8822D00675E0C /* ViewController.swift */ = {isa = PBXFileReference; lastKnownFileType = sourcecode.swift; path = ViewController.swift; sourceTree = "<group>"; };
		1CB5C5BC1CA8822D00675E0C /* Base */ = {isa = PBXFileReference; lastKnownFileType = file.storyboard; name = Base; path = Base.lproj/Main.storyboard; sourceTree = "<group>"; };
		1CB5C5BE1CA8822D00675E0C /* Assets.xcassets */ = {isa = PBXFileReference; lastKnownFileType = folder.assetcatalog; path = Assets.xcassets; sourceTree = "<group>"; };
		1CB5C5C11CA8822D00675E0C /* Base */ = {isa = PBXFileReference; lastKnownFileType = file.storyboard; name = Base; path = Base.lproj/LaunchScreen.storyboard; sourceTree = "<group>"; };
		1CB5C5C31CA8822D00675E0C /* Info.plist */ = {isa = PBXFileReference; lastKnownFileType = text.plist.xml; path = Info.plist; sourceTree = "<group>"; };
		1CB5C5D11CA8B13700675E0C /* (30)WD3.caf */ = {isa = PBXFileReference; lastKnownFileType = file; path = "(30)WD3.caf"; sourceTree = "<group>"; };
		1CB5C5D31CA8B1DF00675E0C /* (31)BD3#.caf */ = {isa = PBXFileReference; lastKnownFileType = file; path = "(31)BD3#.caf"; sourceTree = "<group>"; };
		1CB5C5D41CA8B1DF00675E0C /* (32)WE3.caf */ = {isa = PBXFileReference; lastKnownFileType = file; path = "(32)WE3.caf"; sourceTree = "<group>"; };
		1CB5C5D51CA8B1DF00675E0C /* (33)WF3.caf */ = {isa = PBXFileReference; lastKnownFileType = file; path = "(33)WF3.caf"; sourceTree = "<group>"; };
		1CB5C5D61CA8B1DF00675E0C /* (34)BF3#.caf */ = {isa = PBXFileReference; lastKnownFileType = file; path = "(34)BF3#.caf"; sourceTree = "<group>"; };
		1CB5C5D71CA8B1DF00675E0C /* (35)WG3.caf */ = {isa = PBXFileReference; lastKnownFileType = file; path = "(35)WG3.caf"; sourceTree = "<group>"; };
		1CB5C5D81CA8B1DF00675E0C /* (36)BG3#.caf */ = {isa = PBXFileReference; lastKnownFileType = file; path = "(36)BG3#.caf"; sourceTree = "<group>"; };
		1CB5C5D91CA8B1DF00675E0C /* (37)WA3.caf */ = {isa = PBXFileReference; lastKnownFileType = file; path = "(37)WA3.caf"; sourceTree = "<group>"; };
/* End PBXFileReference section */

/* Begin PBXFrameworksBuildPhase section */
		1CB5C5B11CA8822D00675E0C /* Frameworks */ = {
			isa = PBXFrameworksBuildPhase;
			buildActionMask = 2147483647;
			files = (
			);
			runOnlyForDeploymentPostprocessing = 0;
		};
/* End PBXFrameworksBuildPhase section */

/* Begin PBXGroup section */
		1C4AB4341CAA2458004D071D /* Resources */ = {
			isa = PBXGroup;
			children = (
				1CB5C5D31CA8B1DF00675E0C /* (31)BD3#.caf */,
				1CB5C5D41CA8B1DF00675E0C /* (32)WE3.caf */,
				1CB5C5D51CA8B1DF00675E0C /* (33)WF3.caf */,
				1CB5C5D61CA8B1DF00675E0C /* (34)BF3#.caf */,
				1CB5C5D71CA8B1DF00675E0C /* (35)WG3.caf */,
				1CB5C5D81CA8B1DF00675E0C /* (36)BG3#.caf */,
				1CB5C5D91CA8B1DF00675E0C /* (37)WA3.caf */,
				1CB5C5D11CA8B13700675E0C /* (30)WD3.caf */,
			);
			name = Resources;
			sourceTree = "<group>";
		};
		1CB5C5AB1CA8822D00675E0C = {
			isa = PBXGroup;
			children = (
				1CB5C5B61CA8822D00675E0C /* Taps */,
				1CB5C5B51CA8822D00675E0C /* Products */,
			);
			sourceTree = "<group>";
		};
		1CB5C5B51CA8822D00675E0C /* Products */ = {
			isa = PBXGroup;
			children = (
				1CB5C5B41CA8822D00675E0C /* Taps.app */,
			);
			name = Products;
			sourceTree = "<group>";
		};
		1CB5C5B61CA8822D00675E0C /* Taps */ = {
			isa = PBXGroup;
			children = (
				1CB5C5B71CA8822D00675E0C /* AppDelegate.swift */,
				1CB5C5B91CA8822D00675E0C /* ViewController.swift */,
				1CB5C5BB1CA8822D00675E0C /* Main.storyboard */,
				1C4AB4341CAA2458004D071D /* Resources */,
				1CB5C5BE1CA8822D00675E0C /* Assets.xcassets */,
				1CB5C5C01CA8822D00675E0C /* LaunchScreen.storyboard */,
				1CB5C5C31CA8822D00675E0C /* Info.plist */,
			);
			path = Taps;
			sourceTree = "<group>";
		};
/* End PBXGroup section */

/* Begin PBXNativeTarget section */
		1CB5C5B31CA8822D00675E0C /* Taps */ = {
			isa = PBXNativeTarget;
			buildConfigurationList = 1CB5C5C61CA8822D00675E0C /* Build configuration list for PBXNativeTarget "Taps" */;
			buildPhases = (
				1CB5C5B01CA8822D00675E0C /* Sources */,
				1CB5C5B11CA8822D00675E0C /* Frameworks */,
				1CB5C5B21CA8822D00675E0C /* Resources */,
			);
			buildRules = (
			);
			dependencies = (
			);
			name = Taps;
			productName = Taps;
			productReference = 1CB5C5B41CA8822D00675E0C /* Taps.app */;
			productType = "com.apple.product-type.application";
		};
/* End PBXNativeTarget section */

/* Begin PBXProject section */
		1CB5C5AC1CA8822D00675E0C /* Project object */ = {
			isa = PBXProject;
			attributes = {
				LastSwiftUpdateCheck = 0730;
				LastUpgradeCheck = 0730;
				ORGANIZATIONNAME = "Eli Slade";
				TargetAttributes = {
					1CB5C5B31CA8822D00675E0C = {
						CreatedOnToolsVersion = 7.3;
						DevelopmentTeam = N2V9KYH4KN;
					};
				};
			};
			buildConfigurationList = 1CB5C5AF1CA8822D00675E0C /* Build configuration list for PBXProject "Taps" */;
			compatibilityVersion = "Xcode 3.2";
			developmentRegion = English;
			hasScannedForEncodings = 0;
			knownRegions = (
				en,
				Base,
			);
			mainGroup = 1CB5C5AB1CA8822D00675E0C;
			productRefGroup = 1CB5C5B51CA8822D00675E0C /* Products */;
			projectDirPath = "";
			projectRoot = "";
			targets = (
				1CB5C5B31CA8822D00675E0C /* Taps */,
			);
		};
/* End PBXProject section */

/* Begin PBXResourcesBuildPhase section */
		1CB5C5B21CA8822D00675E0C /* Resources */ = {
			isa = PBXResourcesBuildPhase;
			buildActionMask = 2147483647;
			files = (
				1CB5C5DA1CA8B1DF00675E0C /* (31)BD3#.caf in Resources */,
				1CB5C5C21CA8822D00675E0C /* LaunchScreen.storyboard in Resources */,
				1CB5C5DD1CA8B1DF00675E0C /* (34)BF3#.caf in Resources */,
				1CB5C5DE1CA8B1DF00675E0C /* (35)WG3.caf in Resources */,
				1CB5C5DB1CA8B1DF00675E0C /* (32)WE3.caf in Resources */,
				1CB5C5DC1CA8B1DF00675E0C /* (33)WF3.caf in Resources */,
				1CB5C5E01CA8B1DF00675E0C /* (37)WA3.caf in Resources */,
				1CB5C5D21CA8B13700675E0C /* (30)WD3.caf in Resources */,
				1CB5C5BF1CA8822D00675E0C /* Assets.xcassets in Resources */,
				1CB5C5BD1CA8822D00675E0C /* Main.storyboard in Resources */,
				1CB5C5DF1CA8B1DF00675E0C /* (36)BG3#.caf in Resources */,
			);
			runOnlyForDeploymentPostprocessing = 0;
		};
/* End PBXResourcesBuildPhase section */

/* Begin PBXSourcesBuildPhase section */
		1CB5C5B01CA8822D00675E0C /* Sources */ = {
			isa = PBXSourcesBuildPhase;
			buildActionMask = 2147483647;
			files = (
				1CB5C5BA1CA8822D00675E0C /* ViewController.swift in Sources */,
				1CB5C5B81CA8822D00675E0C /* AppDelegate.swift in Sources */,
			);
			runOnlyForDeploymentPostprocessing = 0;
		};
/* End PBXSourcesBuildPhase section */

/* Begin PBXVariantGroup section */
		1CB5C5BB1CA8822D00675E0C /* Main.storyboard */ = {
			isa = PBXVariantGroup;
			children = (
				1CB5C5BC1CA8822D00675E0C /* Base */,
			);
			name = Main.storyboard;
			sourceTree = "<group>";
		};
		1CB5C5C01CA8822D00675E0C /* LaunchScreen.storyboard */ = {
			isa = PBXVariantGroup;
			children = (
				1CB5C5C11CA8822D00675E0C /* Base */,
			);
			name = LaunchScreen.storyboard;
			sourceTree = "<group>";
		};
/* End PBXVariantGroup section */

/* Begin XCBuildConfiguration section */
		1CB5C5C41CA8822D00675E0C /* Debug */ = {
			isa = XCBuildConfiguration;
			buildSettings = {
				ALWAYS_SEARCH_USER_PATHS = NO;
				CLANG_ANALYZER_NONNULL = YES;
				CLANG_CXX_LANGUAGE_STANDARD = "gnu++0x";
				CLANG_CXX_LIBRARY = "libc++";
				CLANG_ENABLE_MODULES = YES;
				CLANG_ENABLE_OBJC_ARC = YES;
				CLANG_WARN_BOOL_CONVERSION = YES;
				CLANG_WARN_CONSTANT_CONVERSION = YES;
				CLANG_WARN_DIRECT_OBJC_ISA_USAGE = YES_ERROR;
				CLANG_WARN_EMPTY_BODY = YES;
				CLANG_WARN_ENUM_CONVERSION = YES;
				CLANG_WARN_INT_CONVERSION = YES;
				CLANG_WARN_OBJC_ROOT_CLASS = YES_ERROR;
				CLANG_WARN_UNREACHABLE_CODE = YES;
				CLANG_WARN__DUPLICATE_METHOD_MATCH = YES;
				"CODE_SIGN_IDENTITY[sdk=iphoneos*]" = "iPhone Developer";
				COPY_PHASE_STRIP = NO;
				DEBUG_INFORMATION_FORMAT = dwarf;
				ENABLE_STRICT_OBJC_MSGSEND = YES;
				ENABLE_TESTABILITY = YES;
				GCC_C_LANGUAGE_STANDARD = gnu99;
				GCC_DYNAMIC_NO_PIC = NO;
				GCC_NO_COMMON_BLOCKS = YES;
				GCC_OPTIMIZATION_LEVEL = 0;
				GCC_PREPROCESSOR_DEFINITIONS = (
					"DEBUG=1",
					"$(inherited)",
				);
				GCC_WARN_64_TO_32_BIT_CONVERSION = YES;
				GCC_WARN_ABOUT_RETURN_TYPE = YES_ERROR;
				GCC_WARN_UNDECLARED_SELECTOR = YES;
				GCC_WARN_UNINITIALIZED_AUTOS = YES_AGGRESSIVE;
				GCC_WARN_UNUSED_FUNCTION = YES;
				GCC_WARN_UNUSED_VARIABLE = YES;
				IPHONEOS_DEPLOYMENT_TARGET = 9.3;
				MTL_ENABLE_DEBUG_INFO = YES;
				ONLY_ACTIVE_ARCH = YES;
				SDKROOT = iphoneos;
				SWIFT_OPTIMIZATION_LEVEL = "-Onone";
				TARGETED_DEVICE_FAMILY = "1,2";
			};
			name = Debug;
		};
		1CB5C5C51CA8822D00675E0C /* Release */ = {
			isa = XCBuildConfiguration;
			buildSettings = {
				ALWAYS_SEARCH_USER_PATHS = NO;
				CLANG_ANALYZER_NONNULL = YES;
				CLANG_CXX_LANGUAGE_STANDARD = "gnu++0x";
				CLANG_CXX_LIBRARY = "libc++";
				CLANG_ENABLE_MODULES = YES;
				CLANG_ENABLE_OBJC_ARC = YES;
				CLANG_WARN_BOOL_CONVERSION = YES;
				CLANG_WARN_CONSTANT_CONVERSION = YES;
				CLANG_WARN_DIRECT_OBJC_ISA_USAGE = YES_ERROR;
				CLANG_WARN_EMPTY_BODY = YES;
				CLANG_WARN_ENUM_CONVERSION = YES;
				CLANG_WARN_INT_CONVERSION = YES;
				CLANG_WARN_OBJC_ROOT_CLASS = YES_ERROR;
				CLANG_WARN_UNREACHABLE_CODE = YES;
				CLANG_WARN__DUPLICATE_METHOD_MATCH = YES;
				"CODE_SIGN_IDENTITY[sdk=iphoneos*]" = "iPhone Developer";
				COPY_PHASE_STRIP = NO;
				DEBUG_INFORMATION_FORMAT = "dwarf-with-dsym";
				ENABLE_NS_ASSERTIONS = NO;
				ENABLE_STRICT_OBJC_MSGSEND = YES;
				GCC_C_LANGUAGE_STANDARD = gnu99;
				GCC_NO_COMMON_BLOCKS = YES;
				GCC_WARN_64_TO_32_BIT_CONVERSION = YES;
				GCC_WARN_ABOUT_RETURN_TYPE = YES_ERROR;
				GCC_WARN_UNDECLARED_SELECTOR = YES;
				GCC_WARN_UNINITIALIZED_AUTOS = YES_AGGRESSIVE;
				GCC_WARN_UNUSED_FUNCTION = YES;
				GCC_WARN_UNUSED_VARIABLE = YES;
				IPHONEOS_DEPLOYMENT_TARGET = 9.3;
				MTL_ENABLE_DEBUG_INFO = NO;
				SDKROOT = iphoneos;
				TARGETED_DEVICE_FAMILY = "1,2";
				VALIDATE_PRODUCT = YES;
			};
			name = Release;
		};
		1CB5C5C71CA8822D00675E0C /* Debug */ = {
			isa = XCBuildConfiguration;
			buildSettings = {
				ASSETCATALOG_COMPILER_APPICON_NAME = AppIcon;
				CODE_SIGN_IDENTITY = "iPhone Developer";
				"CODE_SIGN_IDENTITY[sdk=iphoneos*]" = "iPhone Developer";
				INFOPLIST_FILE = Taps/Info.plist;
				IPHONEOS_DEPLOYMENT_TARGET = 9.2;
				LD_RUNPATH_SEARCH_PATHS = "$(inherited) @executable_path/Frameworks";
				PRODUCT_BUNDLE_IDENTIFIER = com.elislade.Taps;
				PRODUCT_NAME = "$(TARGET_NAME)";
				PROVISIONING_PROFILE = "";
			};
			name = Debug;
		};
		1CB5C5C81CA8822D00675E0C /* Release */ = {
			isa = XCBuildConfiguration;
			buildSettings = {
				ASSETCATALOG_COMPILER_APPICON_NAME = AppIcon;
				CODE_SIGN_IDENTITY = "iPhone Developer";
				"CODE_SIGN_IDENTITY[sdk=iphoneos*]" = "iPhone Developer";
				INFOPLIST_FILE = Taps/Info.plist;
				IPHONEOS_DEPLOYMENT_TARGET = 9.2;
				LD_RUNPATH_SEARCH_PATHS = "$(inherited) @executable_path/Frameworks";
				PRODUCT_BUNDLE_IDENTIFIER = com.elislade.Taps;
				PRODUCT_NAME = "$(TARGET_NAME)";
				PROVISIONING_PROFILE = "";
			};
			name = Release;
		};
/* End XCBuildConfiguration section */

/* Begin XCConfigurationList section */
		1CB5C5AF1CA8822D00675E0C /* Build configuration list for PBXProject "Taps" */ = {
			isa = XCConfigurationList;
			buildConfigurations = (
				1CB5C5C41CA8822D00675E0C /* Debug */,
				1CB5C5C51CA8822D00675E0C /* Release */,
			);
			defaultConfigurationIsVisible = 0;
			defaultConfigurationName = Release;
		};
		1CB5C5C61CA8822D00675E0C /* Build configuration list for PBXNativeTarget "Taps" */ = {
			isa = XCConfigurationList;
			buildConfigurations = (
				1CB5C5C71CA8822D00675E0C /* Debug */,
				1CB5C5C81CA8822D00675E0C /* Release */,
			);
			defaultConfigurationIsVisible = 0;
			defaultConfigurationName = Release;
		};
/* End XCConfigurationList section */
	};
	rootObject = 1CB5C5AC1CA8822D00675E0C /* Project object */;
}
